# THIS IS AN AUTOGENERATED FILE. DO NOT EDIT THIS FILE DIRECTLY.
# yarn lockfile v1


"@eslint-community/eslint-utils@^4.2.0":
  version "4.4.1"
  resolved "https://registry.yarnpkg.com/@eslint-community/eslint-utils/-/eslint-utils-4.4.1.tgz#d1145bf2c20132d6400495d6df4bf59362fd9d56"
  integrity sha512-s3O3waFUrMV8P/XaF/+ZTp1X9XBZW1a4B97ZnjQF2KYWaFD2A8KyFBsrsfSjEmjn3RGWAIuvlneuZm3CUK3jbA==
  dependencies:
    eslint-visitor-keys "^3.4.3"

"@eslint-community/regexpp@^4.12.1":
  version "4.12.1"
  resolved "https://registry.yarnpkg.com/@eslint-community/regexpp/-/regexpp-4.12.1.tgz#cfc6cffe39df390a3841cde2abccf92eaa7ae0e0"
  integrity sha512-CCZCDJuduB9OUkFkY2IgppNZMi2lBQgD2qzwXkEia16cge2pijY/aXi96CJMquDMn3nJdlPV1A5KrJEXwfLNzQ==

"@eslint/config-array@^0.19.0":
  version "0.19.0"
  resolved "https://registry.yarnpkg.com/@eslint/config-array/-/config-array-0.19.0.tgz#3251a528998de914d59bb21ba4c11767cf1b3519"
  integrity sha512-zdHg2FPIFNKPdcHWtiNT+jEFCHYVplAXRDlQDyqy0zGx/q2parwh7brGJSiTxRk/TSMkbM//zt/f5CHgyTyaSQ==
  dependencies:
    "@eslint/object-schema" "^2.1.4"
    debug "^4.3.1"
    minimatch "^3.1.2"

"@eslint/core@^0.9.0":
  version "0.9.0"
  resolved "https://registry.yarnpkg.com/@eslint/core/-/core-0.9.0.tgz#168ee076f94b152c01ca416c3e5cf82290ab4fcd"
  integrity sha512-7ATR9F0e4W85D/0w7cU0SNj7qkAexMG+bAHEZOjo9akvGuhHE2m7umzWzfnpa0XAg5Kxc1BWmtPMV67jJ+9VUg==

"@eslint/eslintrc@^3.2.0":
  version "3.2.0"
  resolved "https://registry.yarnpkg.com/@eslint/eslintrc/-/eslintrc-3.2.0.tgz#57470ac4e2e283a6bf76044d63281196e370542c"
  integrity sha512-grOjVNN8P3hjJn/eIETF1wwd12DdnwFDoyceUJLYYdkpbwq3nLi+4fqrTAONx7XDALqlL220wC/RHSC/QTI/0w==
  dependencies:
    ajv "^6.12.4"
    debug "^4.3.2"
    espree "^10.0.1"
    globals "^14.0.0"
    ignore "^5.2.0"
    import-fresh "^3.2.1"
    js-yaml "^4.1.0"
    minimatch "^3.1.2"
    strip-json-comments "^3.1.1"

"@eslint/js@9.15.0":
  version "9.15.0"
  resolved "https://registry.yarnpkg.com/@eslint/js/-/js-9.15.0.tgz#df0e24fe869143b59731942128c19938fdbadfb5"
  integrity sha512-tMTqrY+EzbXmKJR5ToI8lxu7jaN5EdmrBFJpQk5JmSlyLsx6o4t27r883K5xsLuCYCpfKBCGswMSWXsM+jB7lg==

"@eslint/object-schema@^2.1.4":
  version "2.1.4"
  resolved "https://registry.yarnpkg.com/@eslint/object-schema/-/object-schema-2.1.4.tgz#9e69f8bb4031e11df79e03db09f9dbbae1740843"
  integrity sha512-BsWiH1yFGjXXS2yvrf5LyuoSIIbPrGUWob917o+BTKuZ7qJdxX8aJLRxs1fS9n6r7vESrq1OUqb68dANcFXuQQ==

"@eslint/plugin-kit@^0.2.3":
  version "0.2.3"
  resolved "https://registry.yarnpkg.com/@eslint/plugin-kit/-/plugin-kit-0.2.3.tgz#812980a6a41ecf3a8341719f92a6d1e784a2e0e8"
  integrity sha512-2b/g5hRmpbb1o4GnTZax9N9m0FXzz9OV42ZzI4rDDMDuHUqigAiQCEWChBWCY4ztAGVRjoWT19v0yMmc5/L5kA==
  dependencies:
    levn "^0.4.1"

"@fullcalendar/bootstrap5@^6.1.11":
  version "6.1.18"
  resolved "https://registry.yarnpkg.com/@fullcalendar/bootstrap5/-/bootstrap5-6.1.18.tgz#79cbc3cfe7584d4671dabdd40302cd2e3466aecd"
  integrity sha512-IL+vBpYdho18G2rU+1zLA66Tlm2gkO2aBiESCxNJ+PqWPyZdNN2KRnClBLO+fw0zdR9NOJWvNfStKP2KPnlPQw==

"@fullcalendar/core@~6.1.17":
  version "6.1.17"
  resolved "https://registry.yarnpkg.com/@fullcalendar/core/-/core-6.1.17.tgz#faaffa100f020636a9b4c900462bdc6d652b58ef"
  integrity sha512-0W7lnIrv18ruJ5zeWBeNZXO8qCWlzxDdp9COFEsZnyNjiEhUVnrW/dPbjRKYpL0edGG0/Lhs0ghp1z/5ekt8ZA==
  dependencies:
    preact "~10.12.1"

"@fullcalendar/daygrid@~6.1.17":
  version "6.1.17"
  resolved "https://registry.yarnpkg.com/@fullcalendar/daygrid/-/daygrid-6.1.17.tgz#3ff9d8d99da872631b661bf9ca5a47ed849421cf"
  integrity sha512-K7m+pd7oVJ9fW4h7CLDdDGJbc9szJ1xDU1DZ2ag+7oOo1aCNLv44CehzkkknM6r8EYlOOhgaelxQpKAI4glj7A==

"@fullcalendar/interaction@~6.1.17":
  version "6.1.17"
  resolved "https://registry.yarnpkg.com/@fullcalendar/interaction/-/interaction-6.1.17.tgz#f0d14cb6f6c3cb7e2b20299dfb39a866232e2976"
  integrity sha512-AudvQvgmJP2FU89wpSulUUjeWv24SuyCx8FzH2WIPVaYg+vDGGYarI7K6PcM3TH7B/CyaBjm5Rqw9lXgnwt5YA==

"@fullcalendar/list@~6.1.17":
  version "6.1.17"
  resolved "https://registry.yarnpkg.com/@fullcalendar/list/-/list-6.1.17.tgz#0111df515e662f2372bc50e56b90c3a5c2dc8ce0"
  integrity sha512-fkyK49F9IxwlGUBVhJGsFpd/LTi/vRVERLIAe1HmBaGkjwpxnynm8TMLb9mZip97wvDk3CmZWduMe6PxscAlow==

"@fullcalendar/multimonth@~6.1.17":
  version "6.1.17"
  resolved "https://registry.yarnpkg.com/@fullcalendar/multimonth/-/multimonth-6.1.17.tgz#5a40e72a8b41ff365d54461d25893094a3733582"
  integrity sha512-ZxA9mkTzKayCdxR5je9P9++qqhSeSbuvXmvZ6doZw6omv8K52cD7XJii+P7gvxATXxtI6hg4i+DuMyOHxP1E2g==
  dependencies:
    "@fullcalendar/daygrid" "~6.1.17"

"@fullcalendar/timegrid@~6.1.17":
  version "6.1.17"
  resolved "https://registry.yarnpkg.com/@fullcalendar/timegrid/-/timegrid-6.1.17.tgz#c88f19a1417ca314545d28a2fe23b33330e086dd"
  integrity sha512-K4PlA3L3lclLOs3IX8cvddeiJI9ZVMD7RA9IqaWwbvac771971foc9tFze9YY+Pqesf6S+vhS2dWtEVlERaGlQ==
  dependencies:
    "@fullcalendar/daygrid" "~6.1.17"

"@hotwired/stimulus@^3.2.2":
  version "3.2.2"
  resolved "https://registry.yarnpkg.com/@hotwired/stimulus/-/stimulus-3.2.2.tgz#071aab59c600fed95b97939e605ff261a4251608"
  integrity sha512-eGeIqNOQpXoPAIP7tC1+1Yc1yl1xnwYqg+3mzqxyrbE5pg5YFBZcA6YoTiByJB6DKAEsiWtl6tjTJS4IYtbB7A==

"@hotwired/turbo-rails@^8.0.12":
  version "8.0.12"
  resolved "https://registry.yarnpkg.com/@hotwired/turbo-rails/-/turbo-rails-8.0.12.tgz#6f1a2661122c0a2bf717f3bc68b5106638798c89"
  integrity sha512-ZXwu9ez+Gd4RQNeHIitqOQgi/LyqY8J4JqsUN0nnYiZDBRq7IreeFdMbz29VdJpIsmYqwooE4cFzPU7QvJkQkA==
  dependencies:
    "@hotwired/turbo" "^8.0.12"
    "@rails/actioncable" "^7.0"

"@hotwired/turbo@^8.0.12":
  version "8.0.12"
  resolved "https://registry.yarnpkg.com/@hotwired/turbo/-/turbo-8.0.12.tgz#50aa8345d7f62402680c6d2d9814660761837001"
  integrity sha512-l3BiQRkD7qrnQv6ms6sqPLczvwbQpXt5iAVwjDvX0iumrz6yEonQkNAzNjeDX25/OJMFDTxpHjkJZHGpM9ikWw==

"@humanfs/core@^0.19.1":
  version "0.19.1"
  resolved "https://registry.yarnpkg.com/@humanfs/core/-/core-0.19.1.tgz#17c55ca7d426733fe3c561906b8173c336b40a77"
  integrity sha512-5DyQ4+1JEUzejeK1JGICcideyfUbGixgS9jNgex5nqkW+cY7WZhxBigmieN5Qnw9ZosSNVC9KQKyb+GUaGyKUA==

"@humanfs/node@^0.16.6":
  version "0.16.6"
  resolved "https://registry.yarnpkg.com/@humanfs/node/-/node-0.16.6.tgz#ee2a10eaabd1131987bf0488fd9b820174cd765e"
  integrity sha512-YuI2ZHQL78Q5HbhDiBA1X4LmYdXCKCMQIfw0pw7piHJwyREFebJUvrQN4cMssyES6x+vfUbx1CIpaQUKYdQZOw==
  dependencies:
    "@humanfs/core" "^0.19.1"
    "@humanwhocodes/retry" "^0.3.0"

"@humanwhocodes/module-importer@^1.0.1":
  version "1.0.1"
  resolved "https://registry.yarnpkg.com/@humanwhocodes/module-importer/-/module-importer-1.0.1.tgz#af5b2691a22b44be847b0ca81641c5fb6ad0172c"
  integrity sha512-bxveV4V8v5Yb4ncFTT3rPSgZBOpCkjfK0y4oVVVJwIuDVBRMDXrPyXRL988i5ap9m9bnyEEjWfm5WkBmtffLfA==

"@humanwhocodes/retry@^0.3.0":
  version "0.3.1"
  resolved "https://registry.yarnpkg.com/@humanwhocodes/retry/-/retry-0.3.1.tgz#c72a5c76a9fbaf3488e231b13dc52c0da7bab42a"
  integrity sha512-JBxkERygn7Bv/GbN5Rv8Ul6LVknS+5Bp6RgDC/O8gEBU/yeH5Ui5C/OlWrTb6qct7LjjfT6Re2NxB0ln0yYybA==

"@humanwhocodes/retry@^0.4.1":
  version "0.4.1"
  resolved "https://registry.yarnpkg.com/@humanwhocodes/retry/-/retry-0.4.1.tgz#9a96ce501bc62df46c4031fbd970e3cc6b10f07b"
  integrity sha512-c7hNEllBlenFTHBky65mhq8WD2kbN9Q6gk0bTk8lSBvc554jpXSkST1iePudpt7+A/AQvuHs9EMqjHDXMY1lrA==

"@orchidjs/sifter@^1.1.0":
  version "1.1.0"
  resolved "https://registry.yarnpkg.com/@orchidjs/sifter/-/sifter-1.1.0.tgz#b36154ad0cda4898305d1ac44f318b41048a0438"
  integrity sha512-mYwHCfr736cIWWdhhSZvDbf90AKt2xyrJspKFC3qyIJG1LtrJeJunYEqCGG4Aq2ijENbc4WkOjszcvNaIAS/pQ==
  dependencies:
    "@orchidjs/unicode-variants" "^1.1.2"

"@orchidjs/unicode-variants@^1.1.2":
  version "1.1.2"
  resolved "https://registry.yarnpkg.com/@orchidjs/unicode-variants/-/unicode-variants-1.1.2.tgz#1fd71791a67fdd1591ebe0dcaadd3964537a824e"
  integrity sha512-5DobW1CHgnBROOEpFlEXytED5OosEWESFvg/VYmH0143oXcijYTprRYJTs+55HzGM4IqxiLFSuqEzu9mPNwVsA==

"@popperjs/core@^2.11.8":
  version "2.11.8"
  resolved "https://registry.yarnpkg.com/@popperjs/core/-/core-2.11.8.tgz#6b79032e760a0899cd4204710beede972a3a185f"
  integrity sha512-P1st0aksCrn9sGZhp8GMYwBnQsbvAWsZAX44oXNNvLHGqAOcoVxmjZiohstwQ7SqKnbR47akdNi+uleWD8+g6A==

"@rails/actioncable@^7.0":
  version "7.2.201"
  resolved "https://registry.yarnpkg.com/@rails/actioncable/-/actioncable-7.2.201.tgz#bfb3da01b3e2462f5a18f372c52dedd7de76037f"
  integrity sha512-wsTdWoZ5EfG5k3t7ORdyQF0ZmDEgN4aVPCanHAiNEwCROqibSZMXXmCbH7IDJUVri4FOeAVwwbPINI7HVHPKBw==

"@rails/actiontext@^7.2.2":
  version "7.2.200"
  resolved "https://registry.yarnpkg.com/@rails/actiontext/-/actiontext-7.2.200.tgz#7074cd3fab61689bfaa5c6198c793eed9c08e07a"
  integrity sha512-VnuizRllfkTZVKDkPpnhEL9Yb15T8j23Awx4NFfRPF+60bptA+50o3htAo28MA5I12ACTXDBxTNkLm36SiVuOw==
  dependencies:
    "@rails/activestorage" ">= 7.2.0-alpha"

"@rails/activestorage@>= 7.2.0-alpha":
  version "8.0.0"
  resolved "https://registry.yarnpkg.com/@rails/activestorage/-/activestorage-8.0.0.tgz#be5dd10acc141b95ffa2b3026e61790c36f1679c"
  integrity sha512-qoA7U1gMcWXhDnImwDIyRQDXkQKzThT2lu2Xpim8CnTOCEeAgkQ5Co2kzodpAI2grF1JSDvwXSPYNWwVAswndA==
  dependencies:
    spark-md5 "^3.0.1"

"@rails/ujs@^6.0.5":
  version "6.1.7"
  resolved "https://registry.yarnpkg.com/@rails/ujs/-/ujs-6.1.7.tgz#b09dc5b2105dd267e8374c47e4490240451dc7f6"
  integrity sha512-0e7WQ4LE/+LEfW2zfAw9ppsB6A8RmxbdAUPAF++UT80epY+7emuQDkKXmaK0a9lp6An50RvzezI0cIQjp1A58w==

"@sentry-internal/browser-utils@8.38.0":
  version "8.38.0"
  resolved "https://registry.yarnpkg.com/@sentry-internal/browser-utils/-/browser-utils-8.38.0.tgz#d7f6d398778906efb0c017e63d3c59d3203dfa7d"
  integrity sha512-5QMVcssrAcmjKT0NdFYcX0b0wwZovGAZ9L2GajErXtHkBenjI2sgR2+5J7n+QZGuk2SC1qhGmT1O9i3p3UEwew==
  dependencies:
    "@sentry/core" "8.38.0"
    "@sentry/types" "8.38.0"
    "@sentry/utils" "8.38.0"

"@sentry-internal/feedback@8.38.0":
  version "8.38.0"
  resolved "https://registry.yarnpkg.com/@sentry-internal/feedback/-/feedback-8.38.0.tgz#726661a01f7ff40b93c8ee05c985fd0436a1c033"
  integrity sha512-AW5HCCAlc3T1jcSuNhbFVNO1CHyJ5g5tsGKEP4VKgu+D1Gg2kZ5S2eFatLBUP/BD5JYb1A7p6XPuzYp1XfMq0A==
  dependencies:
    "@sentry/core" "8.38.0"
    "@sentry/types" "8.38.0"
    "@sentry/utils" "8.38.0"

"@sentry-internal/replay-canvas@8.38.0":
  version "8.38.0"
  resolved "https://registry.yarnpkg.com/@sentry-internal/replay-canvas/-/replay-canvas-8.38.0.tgz#26e9bc937dab73e1a26d57dc1015b7ff1f2d76c5"
  integrity sha512-OxmlWzK9J8mRM+KxdSnQ5xuxq+p7TiBzTz70FT3HltxmeugvDkyp6803UcFqHOPHR35OYeVLOalym+FmvNn9kw==
  dependencies:
    "@sentry-internal/replay" "8.38.0"
    "@sentry/core" "8.38.0"
    "@sentry/types" "8.38.0"
    "@sentry/utils" "8.38.0"

"@sentry-internal/replay@8.38.0":
  version "8.38.0"
  resolved "https://registry.yarnpkg.com/@sentry-internal/replay/-/replay-8.38.0.tgz#9a9b945a3c066f5610a363774e3c99420c3f4fce"
  integrity sha512-mQPShKnIab7oKwkwrRxP/D8fZYHSkDY+cvqORzgi+wAwgnunytJQjz9g6Ww2lJu98rHEkr5SH4V4rs6PZYZmnQ==
  dependencies:
    "@sentry-internal/browser-utils" "8.38.0"
    "@sentry/core" "8.38.0"
    "@sentry/types" "8.38.0"
    "@sentry/utils" "8.38.0"

"@sentry/browser@^8.38.0":
  version "8.38.0"
  resolved "https://registry.yarnpkg.com/@sentry/browser/-/browser-8.38.0.tgz#c562accdc2bbe0b0074d98bfe7ff460e39ce3109"
  integrity sha512-AZR+b0EteNZEGv6JSdBD22S9VhQ7nrljKsSnzxobBULf3BpwmhmCzTbDrqWszKDAIDYmL+yQJIR2glxbknneWQ==
  dependencies:
    "@sentry-internal/browser-utils" "8.38.0"
    "@sentry-internal/feedback" "8.38.0"
    "@sentry-internal/replay" "8.38.0"
    "@sentry-internal/replay-canvas" "8.38.0"
    "@sentry/core" "8.38.0"
    "@sentry/types" "8.38.0"
    "@sentry/utils" "8.38.0"

"@sentry/core@8.38.0":
  version "8.38.0"
  resolved "https://registry.yarnpkg.com/@sentry/core/-/core-8.38.0.tgz#5d1b74770c79e489e786018a3e514cddeb777bcb"
  integrity sha512-sGD+5TEHU9G7X7zpyaoJxpOtwjTjvOd1f/MKBrWW2vf9UbYK+GUJrOzLhMoSWp/pHSYgvObkJkDb/HwieQjvhQ==
  dependencies:
    "@sentry/types" "8.38.0"
    "@sentry/utils" "8.38.0"

"@sentry/types@8.38.0":
  version "8.38.0"
  resolved "https://registry.yarnpkg.com/@sentry/types/-/types-8.38.0.tgz#9c48734a8b4055bfd553a0141efec78e9680ed09"
  integrity sha512-fP5H9ZX01W4Z/EYctk3mkSHi7d06cLcX2/UWqwdWbyPWI+pL2QpUPICeO/C+8SnmYx//wFj3qWDhyPCh1PdFAA==

"@sentry/utils@8.38.0":
  version "8.38.0"
  resolved "https://registry.yarnpkg.com/@sentry/utils/-/utils-8.38.0.tgz#2f91ca7d044f6e17b993c866ca02a981c4c1bc25"
  integrity sha512-3X7MgIKIx+2q5Al7QkhaRB4wV6DvzYsaeIwdqKUzGLuRjXmNgJrLoU87TAwQRmZ6Wr3IoEpThZZMNrzYPXxArw==
  dependencies:
    "@sentry/types" "8.38.0"

"@types/estree@^1.0.6":
  version "1.0.6"
  resolved "https://registry.yarnpkg.com/@types/estree/-/estree-1.0.6.tgz#628effeeae2064a1b4e79f78e81d87b7e5fc7b50"
  integrity sha512-AYnb1nQyY49te+VRAVgmzfcgjYS91mY5P0TKUDCLEM+gNnA+3T6rWITXRLYCpahpqSQbN5cE+gHpnPyXjHWxcw==

"@types/json-schema@^7.0.15":
  version "7.0.15"
  resolved "https://registry.yarnpkg.com/@types/json-schema/-/json-schema-7.0.15.tgz#596a1747233694d50f6ad8a7869fcb6f56cf5841"
  integrity sha512-5+fP8P8MFNC+AyZCDxrB2pkZFPGzqQWUzpSeuuVLvm8VMcorNYavBqoFcxK8bQz4Qsbn4oUEEem4wDLfcysGHA==

"@types/trusted-types@^2.0.7":
  version "2.0.7"
  resolved "https://registry.yarnpkg.com/@types/trusted-types/-/trusted-types-2.0.7.tgz#baccb07a970b91707df3a3e8ba6896c57ead2d11"
  integrity sha512-ScaPdn1dQczgbl0QFTeTOmVHFULt394XJgOQNoyVhZ6r2vLnMLJfBPd53SB52T/3G36VI1/g2MZaX0cwDuXsfw==

acorn-jsx@^5.3.2:
  version "5.3.2"
  resolved "https://registry.yarnpkg.com/acorn-jsx/-/acorn-jsx-5.3.2.tgz#7ed5bb55908b3b2f1bc55c6af1653bada7f07937"
  integrity sha512-rq9s+JNhf0IChjtDXxllJ7g41oZk5SlXtp0LHwyA5cejwn7vKmKp4pPri6YEePv2PU65sAsegbXtIinmDFDXgQ==

acorn@^8.14.0:
  version "8.14.0"
  resolved "https://registry.yarnpkg.com/acorn/-/acorn-8.14.0.tgz#063e2c70cac5fb4f6467f0b11152e04c682795b0"
  integrity sha512-cl669nCJTZBsL97OF4kUQm5g5hC2uihk0NxY3WENAC0TYdILVkAyHymAntgxGkl7K+t0cXIrH5siy5S4XkFycA==

ajv@^6.12.4:
  version "6.12.6"
  resolved "https://registry.yarnpkg.com/ajv/-/ajv-6.12.6.tgz#baf5a62e802b07d977034586f8c3baf5adf26df4"
  integrity sha512-j3fVLgvTo527anyYyJOGTYJbG+vnnQYvE0m5mmkc1TK+nxAppkCLMIL0aZ4dblVCNoGShhm+kzE4ZUykBoMg4g==
  dependencies:
    fast-deep-equal "^3.1.1"
    fast-json-stable-stringify "^2.0.0"
    json-schema-traverse "^0.4.1"
    uri-js "^4.2.2"

ansi-styles@^4.1.0:
  version "4.3.0"
  resolved "https://registry.yarnpkg.com/ansi-styles/-/ansi-styles-4.3.0.tgz#edd803628ae71c04c85ae7a0906edad34b648937"
  integrity sha512-zbB9rCJAT1rbjiVDb2hqKFHNYLxgtk8NURxZ3IZwD3F6NtxbXZQCnnSi1Lkx+IDohdPlFp222wVALIheZJQSEg==
  dependencies:
    color-convert "^2.0.1"

argparse@^2.0.1:
  version "2.0.1"
  resolved "https://registry.yarnpkg.com/argparse/-/argparse-2.0.1.tgz#246f50f3ca78a3240f6c997e8a9bd1eac49e4b38"
  integrity sha512-8+9WqebbFzpX9OR+Wa6O29asIogeRMzcGtAINdpMHHyAg10f05aSFVBbcEqGf/PXw1EjAZ+q2/bEBg3DvurK3Q==

balanced-match@^1.0.0:
  version "1.0.2"
  resolved "https://registry.yarnpkg.com/balanced-match/-/balanced-match-1.0.2.tgz#e83e3a7e3f300b34cb9d87f615fa0cbf357690ee"
  integrity sha512-3oSeUO0TMV67hN1AmbXsK4yaqU7tjiHlbxRDZOpH0KW9+CeX4bRAaX0Anxt0tx2MrpRpWwQaPwIlISEJhYU5Pw==

boolbase@^1.0.0:
  version "1.0.0"
  resolved "https://registry.yarnpkg.com/boolbase/-/boolbase-1.0.0.tgz#68dff5fbe60c51eb37725ea9e3ed310dcc1e776e"
  integrity sha512-JZOSA7Mo9sNGB8+UjSgzdLtokWAky1zbztM3WRLCbZ70/3cTANmQmOdR7y2g+J0e2WXywy1yS468tY+IruqEww==

bootstrap@^5.3.7:
  version "5.3.7"
  resolved "https://registry.yarnpkg.com/bootstrap/-/bootstrap-5.3.7.tgz#8640065036124d961d885d80b5945745e1154d90"
  integrity sha512-7KgiD8UHjfcPBHEpDNg+zGz8L3LqR3GVwqZiBRFX04a1BCArZOz1r2kjly2HQ0WokqTO0v1nF+QAt8dsW4lKlw==

brace-expansion@^1.1.7:
  version "1.1.11"
  resolved "https://registry.yarnpkg.com/brace-expansion/-/brace-expansion-1.1.11.tgz#3c7fcbf529d87226f3d2f52b966ff5271eb441dd"
  integrity sha512-iCuPHDFgrHX7H2vEI/5xpz07zSHB00TpugqhmYtVmMO6518mCuRMoOYFldEBl0g187ufozdaHgWKcYFb61qGiA==
  dependencies:
    balanced-match "^1.0.0"
    concat-map "0.0.1"

callsites@^3.0.0:
  version "3.1.0"
  resolved "https://registry.yarnpkg.com/callsites/-/callsites-3.1.0.tgz#b3630abd8943432f54b3f0519238e33cd7df2f73"
  integrity sha512-P8BjAsXvZS+VIDUI11hHCQEv74YT67YUi5JJFNWIqL235sBmjX4+qx9Muvls5ivyNENctx46xQLQ3aTuE7ssaQ==

chalk@^4.0.0:
  version "4.1.2"
  resolved "https://registry.yarnpkg.com/chalk/-/chalk-4.1.2.tgz#aac4e2b7734a740867aeb16bf02aad556a1e7a01"
  integrity sha512-oKnbhFyRIXpUuez8iBMmyEa4nbj4IOQyuhc/wy9kY7/WVPcwIO9VA668Pu8RkO7+0G76SLROeyw9CpQ061i4mA==
  dependencies:
    ansi-styles "^4.1.0"
    supports-color "^7.1.0"

color-convert@^2.0.1:
  version "2.0.1"
  resolved "https://registry.yarnpkg.com/color-convert/-/color-convert-2.0.1.tgz#72d3a68d598c9bdb3af2ad1e84f21d896abd4de3"
  integrity sha512-RRECPsj7iu/xb5oKYcsFHSppFNnsj/52OVTRKb4zP5onXwVF3zVmmToNcOfGC+CRDpfK/U584fMg38ZHCaElKQ==
  dependencies:
    color-name "~1.1.4"

color-name@~1.1.4:
  version "1.1.4"
  resolved "https://registry.yarnpkg.com/color-name/-/color-name-1.1.4.tgz#c2a09a87acbde69543de6f63fa3995c826c536a2"
  integrity sha512-dOy+3AuW3a2wNbZHIuMZpTcgjGuLU/uBL/ubcZF9OXbDo8ff4O8yVp5Bf0efS8uEoYo5q4Fx7dY9OgQGXgAsQA==

concat-map@0.0.1:
  version "0.0.1"
  resolved "https://registry.yarnpkg.com/concat-map/-/concat-map-0.0.1.tgz#d8a96bd77fd68df7793a73036a3ba0d5405d477b"
  integrity sha512-/Srv4dswyQNBfohGpz9o6Yb3Gz3SrUDqBH5rTuhGR7ahtlbYKnVxw2bCFMRljaA7EXHaXZ8wsHdodFvbkhKmqg==

cross-spawn@^7.0.5:
  version "7.0.5"
  resolved "https://registry.yarnpkg.com/cross-spawn/-/cross-spawn-7.0.5.tgz#910aac880ff5243da96b728bc6521a5f6c2f2f82"
  integrity sha512-ZVJrKKYunU38/76t0RMOulHOnUcbU9GbpWKAOZ0mhjr7CX6FVrH+4FrAapSOekrgFQ3f/8gwMEuIft0aKq6Hug==
  dependencies:
    path-key "^3.1.0"
    shebang-command "^2.0.0"
    which "^2.0.1"

debug@^4.3.1:
  version "4.3.4"
  resolved "https://registry.yarnpkg.com/debug/-/debug-4.3.4.tgz#1319f6579357f2338d3337d2cdd4914bb5dcc865"
  integrity sha512-PRWFHuSU3eDtQJPvnNY7Jcket1j0t5OuOsFzPPzsekD52Zl8qUfFIPEiswXqIvHWGVHOgX+7G/vCNNhehwxfkQ==
  dependencies:
    ms "2.1.2"

debug@^4.3.2:
  version "4.3.7"
  resolved "https://registry.yarnpkg.com/debug/-/debug-4.3.7.tgz#87945b4151a011d76d95a198d7111c865c360a52"
  integrity sha512-Er2nc/H7RrMXZBFCEim6TCmMk02Z8vLC2Rbi1KEBggpo0fS6l0S1nnapwmIi3yW/+GOJap1Krg4w0Hg80oCqgQ==
  dependencies:
    ms "^2.1.3"

deep-is@^0.1.3:
  version "0.1.4"
  resolved "https://registry.yarnpkg.com/deep-is/-/deep-is-0.1.4.tgz#a6f2dce612fadd2ef1f519b73551f17e85199831"
  integrity sha512-oIPzksmTg4/MriiaYGO+okXDT7ztn/w3Eptv/+gSIdMdKsJo0u4CfYNFJPy+4SKMuCqGw2wxnA+URMg3t8a/bQ==

dompurify@^3.2.5:
  version "3.2.6"
  resolved "https://registry.yarnpkg.com/dompurify/-/dompurify-3.2.6.tgz#ca040a6ad2b88e2a92dc45f38c79f84a714a1cad"
  integrity sha512-/2GogDQlohXPZe6D6NOgQvXLPSYBqIWMnZ8zzOhn09REE4eyAzb+Hed3jhoM9OkuaJ8P6ZGTTVWQKAi8ieIzfQ==
  optionalDependencies:
    "@types/trusted-types" "^2.0.7"

escape-string-regexp@^4.0.0:
  version "4.0.0"
  resolved "https://registry.yarnpkg.com/escape-string-regexp/-/escape-string-regexp-4.0.0.tgz#14ba83a5d373e3d311e5afca29cf5bfad965bf34"
  integrity sha512-TtpcNJ3XAzx3Gq8sWRzJaVajRs0uVxA2YAkdb1jm2YkPz4G6egUFAyA3n5vtEIZefPk5Wa4UXbKuS5fKkJWdgA==

eslint-scope@^8.2.0:
  version "8.2.0"
  resolved "https://registry.yarnpkg.com/eslint-scope/-/eslint-scope-8.2.0.tgz#377aa6f1cb5dc7592cfd0b7f892fd0cf352ce442"
  integrity sha512-PHlWUfG6lvPc3yvP5A4PNyBL1W8fkDUccmI21JUu/+GKZBoH/W5u6usENXUrWFRsyoW5ACUjFGgAFQp5gUlb/A==
  dependencies:
    esrecurse "^4.3.0"
    estraverse "^5.2.0"

eslint-visitor-keys@^3.4.3:
  version "3.4.3"
  resolved "https://registry.yarnpkg.com/eslint-visitor-keys/-/eslint-visitor-keys-3.4.3.tgz#0cd72fe8550e3c2eae156a96a4dddcd1c8ac5800"
  integrity sha512-wpc+LXeiyiisxPlEkUzU6svyS1frIO3Mgxj1fdy7Pm8Ygzguax2N3Fa/D/ag1WqbOprdI+uY6wMUl8/a2G+iag==

eslint-visitor-keys@^4.2.0:
  version "4.2.0"
  resolved "https://registry.yarnpkg.com/eslint-visitor-keys/-/eslint-visitor-keys-4.2.0.tgz#687bacb2af884fcdda8a6e7d65c606f46a14cd45"
  integrity sha512-UyLnSehNt62FFhSwjZlHmeokpRK59rcz29j+F1/aDgbkbRTk7wIc9XzdoasMUbRNKDM0qQt/+BJ4BrpFeABemw==

eslint@^9.14.0:
  version "9.15.0"
  resolved "https://registry.yarnpkg.com/eslint/-/eslint-9.15.0.tgz#77c684a4e980e82135ebff8ee8f0a9106ce6b8a6"
  integrity sha512-7CrWySmIibCgT1Os28lUU6upBshZ+GxybLOrmRzi08kS8MBuO8QA7pXEgYgY5W8vK3e74xv0lpjo9DbaGU9Rkw==
  dependencies:
    "@eslint-community/eslint-utils" "^4.2.0"
    "@eslint-community/regexpp" "^4.12.1"
    "@eslint/config-array" "^0.19.0"
    "@eslint/core" "^0.9.0"
    "@eslint/eslintrc" "^3.2.0"
    "@eslint/js" "9.15.0"
    "@eslint/plugin-kit" "^0.2.3"
    "@humanfs/node" "^0.16.6"
    "@humanwhocodes/module-importer" "^1.0.1"
    "@humanwhocodes/retry" "^0.4.1"
    "@types/estree" "^1.0.6"
    "@types/json-schema" "^7.0.15"
    ajv "^6.12.4"
    chalk "^4.0.0"
    cross-spawn "^7.0.5"
    debug "^4.3.2"
    escape-string-regexp "^4.0.0"
    eslint-scope "^8.2.0"
    eslint-visitor-keys "^4.2.0"
    espree "^10.3.0"
    esquery "^1.5.0"
    esutils "^2.0.2"
    fast-deep-equal "^3.1.3"
    file-entry-cache "^8.0.0"
    find-up "^5.0.0"
    glob-parent "^6.0.2"
    ignore "^5.2.0"
    imurmurhash "^0.1.4"
    is-glob "^4.0.0"
    json-stable-stringify-without-jsonify "^1.0.1"
    lodash.merge "^4.6.2"
    minimatch "^3.1.2"
    natural-compare "^1.4.0"
    optionator "^0.9.3"

espree@^10.0.1, espree@^10.3.0:
  version "10.3.0"
  resolved "https://registry.yarnpkg.com/espree/-/espree-10.3.0.tgz#29267cf5b0cb98735b65e64ba07e0ed49d1eed8a"
  integrity sha512-0QYC8b24HWY8zjRnDTL6RiHfDbAWn63qb4LMj1Z4b076A4une81+z03Kg7l7mn/48PUTqoLptSXez8oknU8Clg==
  dependencies:
    acorn "^8.14.0"
    acorn-jsx "^5.3.2"
    eslint-visitor-keys "^4.2.0"

esquery@^1.5.0:
  version "1.6.0"
  resolved "https://registry.yarnpkg.com/esquery/-/esquery-1.6.0.tgz#91419234f804d852a82dceec3e16cdc22cf9dae7"
  integrity sha512-ca9pw9fomFcKPvFLXhBKUK90ZvGibiGOvRJNbjljY7s7uq/5YO4BOzcYtJqExdx99rF6aAcnRxHmcUHcz6sQsg==
  dependencies:
    estraverse "^5.1.0"

esrecurse@^4.3.0:
  version "4.3.0"
  resolved "https://registry.yarnpkg.com/esrecurse/-/esrecurse-4.3.0.tgz#7ad7964d679abb28bee72cec63758b1c5d2c9921"
  integrity sha512-KmfKL3b6G+RXvP8N1vr3Tq1kL/oCFgn2NYXEtqP8/L3pKapUA4G8cFVaoF3SU323CD4XypR/ffioHmkti6/Tag==
  dependencies:
    estraverse "^5.2.0"

estraverse@^5.1.0, estraverse@^5.2.0:
  version "5.3.0"
  resolved "https://registry.yarnpkg.com/estraverse/-/estraverse-5.3.0.tgz#2eea5290702f26ab8fe5370370ff86c965d21123"
  integrity sha512-MMdARuVEQziNTeJD8DgMqmhwR11BRQ/cBP+pLtYdSTnf3MIO8fFeiINEbX36ZdNlfU/7A9f3gUw49B3oQsvwBA==

esutils@^2.0.2:
  version "2.0.3"
  resolved "https://registry.yarnpkg.com/esutils/-/esutils-2.0.3.tgz#74d2eb4de0b8da1293711910d50775b9b710ef64"
  integrity sha512-kVscqXk4OCp68SZ0dkgEKVi6/8ij300KBWTJq32P/dYeWTSwK41WyTxalN1eRmA5Z9UU/LX9D7FWSmV9SAYx6g==

fast-deep-equal@^3.1.1, fast-deep-equal@^3.1.3:
  version "3.1.3"
  resolved "https://registry.yarnpkg.com/fast-deep-equal/-/fast-deep-equal-3.1.3.tgz#3a7d56b559d6cbc3eb512325244e619a65c6c525"
  integrity sha512-f3qQ9oQy9j2AhBe/H9VC91wLmKBCCU/gDOnKNAYG5hswO7BLKj09Hc5HYNz9cGI++xlpDCIgDaitVs03ATR84Q==

fast-json-stable-stringify@^2.0.0:
  version "2.1.0"
  resolved "https://registry.yarnpkg.com/fast-json-stable-stringify/-/fast-json-stable-stringify-2.1.0.tgz#874bf69c6f404c2b5d99c481341399fd55892633"
  integrity sha512-lhd/wF+Lk98HZoTCtlVraHtfh5XYijIjalXck7saUtuanSDyLMxnHhSXEDJqHxD7msR8D0uCmqlkwjCV8xvwHw==

fast-levenshtein@^2.0.6:
  version "2.0.6"
  resolved "https://registry.yarnpkg.com/fast-levenshtein/-/fast-levenshtein-2.0.6.tgz#3d8a5c66883a16a30ca8643e851f19baa7797917"
  integrity sha512-DCXu6Ifhqcks7TZKY3Hxp3y6qphY5SJZmrWMDrKcERSOXWQdMhU9Ig/PYrzyw/ul9jOIyh0N4M0tbC5hodg8dw==

file-entry-cache@^8.0.0:
  version "8.0.0"
  resolved "https://registry.yarnpkg.com/file-entry-cache/-/file-entry-cache-8.0.0.tgz#7787bddcf1131bffb92636c69457bbc0edd6d81f"
  integrity sha512-XXTUwCvisa5oacNGRP9SfNtYBNAMi+RPwBFmblZEF7N7swHYQS6/Zfk7SRwx4D5j3CH211YNRco1DEMNVfZCnQ==
  dependencies:
    flat-cache "^4.0.0"

find-up@^5.0.0:
  version "5.0.0"
  resolved "https://registry.yarnpkg.com/find-up/-/find-up-5.0.0.tgz#4c92819ecb7083561e4f4a240a86be5198f536fc"
  integrity sha512-78/PXT1wlLLDgTzDs7sjq9hzz0vXD+zn+7wypEe4fXQxCmdmqfGsEPQxmiCSQI3ajFV91bVSsvNtrJRiW6nGng==
  dependencies:
    locate-path "^6.0.0"
    path-exists "^4.0.0"

flat-cache@^4.0.0:
  version "4.0.1"
  resolved "https://registry.yarnpkg.com/flat-cache/-/flat-cache-4.0.1.tgz#0ece39fcb14ee012f4b0410bd33dd9c1f011127c"
  integrity sha512-f7ccFPK3SXFHpx15UIGyRJ/FJQctuKZ0zVuN3frBo4HnK3cay9VEW0R6yPYFHC0AgqhukPzKjq22t5DmAyqGyw==
  dependencies:
    flatted "^3.2.9"
    keyv "^4.5.4"

flatted@^3.2.9:
  version "3.3.1"
  resolved "https://registry.yarnpkg.com/flatted/-/flatted-3.3.1.tgz#21db470729a6734d4997002f439cb308987f567a"
  integrity sha512-X8cqMLLie7KsNUDSdzeN8FYK9rEt4Dt67OsG/DNGnYTSDBG4uFAJFBnUeiV+zCVAvwFy56IjM9sH51jVaEhNxw==

fullcalendar@^6.1.11:
  version "6.1.17"
  resolved "https://registry.yarnpkg.com/fullcalendar/-/fullcalendar-6.1.17.tgz#ddd808c3163bd16b1ab290f9811043cafe40bb24"
  integrity sha512-5pq3jYo9cJnVn8TrnukJdP3uNZWk2V1uiTqVXIaSbO5qIXeF3H1jE11PAB5fBOacnZ9HLI/98IT82Y1rz/2VIw==
  dependencies:
    "@fullcalendar/core" "~6.1.17"
    "@fullcalendar/daygrid" "~6.1.17"
    "@fullcalendar/interaction" "~6.1.17"
    "@fullcalendar/list" "~6.1.17"
    "@fullcalendar/multimonth" "~6.1.17"
    "@fullcalendar/timegrid" "~6.1.17"

glob-parent@^5.1.2, glob-parent@^6.0.2:
  version "5.1.2"
  resolved "https://registry.yarnpkg.com/glob-parent/-/glob-parent-5.1.2.tgz#869832c58034fe68a4093c17dc15e8340d8401c4"
  integrity sha512-AOIgSQCepiJYwP3ARnGx+5VnTu2HBYdzbGP45eLw1vr3zB3vZLeyed1sC9hnbcOc9/SrMyM5RPQrkGz4aS9Zow==
  dependencies:
    is-glob "^4.0.1"

globals@^14.0.0:
  version "14.0.0"
  resolved "https://registry.yarnpkg.com/globals/-/globals-14.0.0.tgz#898d7413c29babcf6bafe56fcadded858ada724e"
  integrity sha512-oahGvuMGQlPw/ivIYBjVSrWAfWLBeku5tpPE2fOPLi+WHffIWbuh2tCjhyQhTBPMf5E9jDEH4FOmTYgYwbKwtQ==

has-flag@^4.0.0:
  version "4.0.0"
  resolved "https://registry.yarnpkg.com/has-flag/-/has-flag-4.0.0.tgz#944771fd9c81c81265c4d6941860da06bb59479b"
  integrity sha512-EykJT/Q1KjTWctppgIAgfSO0tKVuZUjhgMr17kqTumMl6Afv3EISleU7qZUzoXDFTAHTDC4NOoG/ZxU3EvlMPQ==

ignore@^5.2.0:
  version "5.3.2"
  resolved "https://registry.yarnpkg.com/ignore/-/ignore-5.3.2.tgz#3cd40e729f3643fd87cb04e50bf0eb722bc596f5"
  integrity sha512-hsBTNUqQTDwkWtcdYI2i06Y/nUBEsNEDJKjWdigLvegy8kDuJAS8uRlpkkcQpyEXL0Z/pjDy5HBmMjRCJ2gq+g==

import-fresh@^3.2.1:
  version "3.3.0"
  resolved "https://registry.yarnpkg.com/import-fresh/-/import-fresh-3.3.0.tgz#37162c25fcb9ebaa2e6e53d5b4d88ce17d9e0c2b"
  integrity sha512-veYYhQa+D1QBKznvhUHxb8faxlrwUnxseDAbAp457E0wLNio2bOSKnjYDhMj+YiAq61xrMGhQk9iXVk5FzgQMw==
  dependencies:
    parent-module "^1.0.0"
    resolve-from "^4.0.0"

imurmurhash@^0.1.4:
  version "0.1.4"
  resolved "https://registry.yarnpkg.com/imurmurhash/-/imurmurhash-0.1.4.tgz#9218b9b2b928a238b13dc4fb6b6d576f231453ea"
  integrity sha512-JmXMZ6wuvDmLiHEml9ykzqO6lwFbof0GG4IkcGaENdCRDDmMVnny7s5HsIgHCbaq0w2MyPhDqkhTUgS2LU2PHA==

is-extglob@^2.1.1:
  version "2.1.1"
  resolved "https://registry.yarnpkg.com/is-extglob/-/is-extglob-2.1.1.tgz#a88c02535791f02ed37c76a1b9ea9773c833f8c2"
  integrity sha512-SbKbANkN603Vi4jEZv49LeVJMn4yGwsbzZworEoyEiutsN3nJYdbO36zfhGJ6QEDpOZIFkDtnq5JRxmvl3jsoQ==

is-glob@^4.0.0, is-glob@^4.0.1:
  version "4.0.3"
  resolved "https://registry.yarnpkg.com/is-glob/-/is-glob-4.0.3.tgz#64f61e42cbbb2eec2071a9dac0b28ba1e65d5084"
  integrity sha512-xelSayHH36ZgE7ZWhli7pW34hNbNl8Ojv5KVmkJD4hBdD3th8Tfk9vYasLM+mXWOZhFkgZfxhLSnrwRr4elSSg==
  dependencies:
    is-extglob "^2.1.1"

isexe@^2.0.0:
  version "2.0.0"
  resolved "https://registry.yarnpkg.com/isexe/-/isexe-2.0.0.tgz#e8fbf374dc556ff8947a10dcb0572d633f2cfa10"
  integrity sha512-RHxMLp9lnKHGHRng9QFhRCMbYAcVpn69smSGcq3f36xjgVVWThj4qqLbTLlq7Ssj8B+fIQ1EuCEGI2lKsyQeIw==

jquery-ujs@^1.2.3:
  version "1.2.3"
  resolved "https://registry.yarnpkg.com/jquery-ujs/-/jquery-ujs-1.2.3.tgz#dcac6026ab7268e5ee41faf9d31c997cd4ddd603"
  integrity sha512-59wvfx5vcCTHMeQT1/OwFiAj+UffLIwjRIoXdpO7Z7BCFGepzq9T9oLVeoItjTqjoXfUrHJvV7QU6pUR+UzOoA==

jquery@>2.1.4, jquery@^3.3.1:
  version "3.7.1"
  resolved "https://registry.yarnpkg.com/jquery/-/jquery-3.7.1.tgz#083ef98927c9a6a74d05a6af02806566d16274de"
  integrity sha512-m4avr8yL8kmFN8psrbFFFmB/If14iN5o9nw/NgnnM+kybDJpRsAynV2BsfpTYrTRysYUdADVD7CkUUizgkpLfg==

js-yaml@^4.1.0:
  version "4.1.0"
  resolved "https://registry.yarnpkg.com/js-yaml/-/js-yaml-4.1.0.tgz#c1fb65f8f5017901cdd2c951864ba18458a10602"
  integrity sha512-wpxZs9NoxZaJESJGIZTyDEaYpl0FKSA+FB9aJiyemKhMwkxQg63h4T1KJgUGHpTqPDNRcmmYLugrRjJlBtWvRA==
  dependencies:
    argparse "^2.0.1"

json-buffer@3.0.1:
  version "3.0.1"
  resolved "https://registry.yarnpkg.com/json-buffer/-/json-buffer-3.0.1.tgz#9338802a30d3b6605fbe0613e094008ca8c05a13"
  integrity sha512-4bV5BfR2mqfQTJm+V5tPPdf+ZpuhiIvTuAB5g8kcrXOZpTT/QwwVRWBywX1ozr6lEuPdbHxwaJlm9G6mI2sfSQ==

json-schema-traverse@^0.4.1:
  version "0.4.1"
  resolved "https://registry.yarnpkg.com/json-schema-traverse/-/json-schema-traverse-0.4.1.tgz#69f6a87d9513ab8bb8fe63bdb0979c448e684660"
  integrity sha512-xbbCH5dCYU5T8LcEhhuh7HJ88HXuW3qsI3Y0zOZFKfZEHcpWiHU/Jxzk629Brsab/mMiHQti9wMP+845RPe3Vg==

json-stable-stringify-without-jsonify@^1.0.1:
  version "1.0.1"
  resolved "https://registry.yarnpkg.com/json-stable-stringify-without-jsonify/-/json-stable-stringify-without-jsonify-1.0.1.tgz#9db7b59496ad3f3cfef30a75142d2d930ad72651"
  integrity sha512-Bdboy+l7tA3OGW6FjyFHWkP5LuByj1Tk33Ljyq0axyzdk9//JSi2u3fP1QSmd1KNwq6VOKYGlAu87CisVir6Pw==

keyv@^4.5.4:
  version "4.5.4"
  resolved "https://registry.yarnpkg.com/keyv/-/keyv-4.5.4.tgz#a879a99e29452f942439f2a405e3af8b31d4de93"
  integrity sha512-oxVHkHR/EJf2CNXnWxRLW6mg7JyCCUcG0DtEGmL2ctUo1PNTin1PUil+r/+4r5MpVgC/fn1kjsx7mjSujKqIpw==
  dependencies:
    json-buffer "3.0.1"

levn@^0.4.1:
  version "0.4.1"
  resolved "https://registry.yarnpkg.com/levn/-/levn-0.4.1.tgz#ae4562c007473b932a6200d403268dd2fffc6ade"
  integrity sha512-+bT2uH4E5LGE7h/n3evcS/sQlJXCpIp6ym8OWJ5eV6+67Dsql/LaaT7qJBAt2rzfoa/5QBGBhxDix1dMt2kQKQ==
  dependencies:
    prelude-ls "^1.2.1"
    type-check "~0.4.0"

locate-path@^6.0.0:
  version "6.0.0"
  resolved "https://registry.yarnpkg.com/locate-path/-/locate-path-6.0.0.tgz#55321eb309febbc59c4801d931a72452a681d286"
  integrity sha512-iPZK6eYjbxRu3uB4/WZ3EsEIMJFMqAoopl3R+zuq0UjcAm/MO6KCweDgPfP3elTztoKP3KtnVHxTn2NHBSDVUw==
  dependencies:
    p-locate "^5.0.0"

lodash.merge@^4.6.2:
  version "4.6.2"
  resolved "https://registry.yarnpkg.com/lodash.merge/-/lodash.merge-4.6.2.tgz#558aa53b43b661e1925a0afdfa36a9a1085fe57a"
  integrity sha512-0KpjqXRVvrYyCsX1swR/XTK0va6VQkQM6MNo7PqW77ByjAhoARA8EfrP1N4+KlKj8YS0ZUCtRT/YUuhyYDujIQ==

minimatch@^3.1.2:
  version "3.1.2"
  resolved "https://registry.yarnpkg.com/minimatch/-/minimatch-3.1.2.tgz#19cd194bfd3e428f049a70817c038d89ab4be35b"
  integrity sha512-J7p63hRiAjw1NDEww1W7i37+ByIrOWO5XQQAzZ3VOcL0PNybwpfmV/N05zFAzwQ9USyEcX6t3UO+K5aqBQOIHw==
  dependencies:
    brace-expansion "^1.1.7"

moment@^2.29.4:
  version "2.30.1"
  resolved "https://registry.yarnpkg.com/moment/-/moment-2.30.1.tgz#f8c91c07b7a786e30c59926df530b4eac96974ae"
  integrity sha512-uEmtNhbDOrWPFS+hdjFCBfy9f2YoyzRpwcl+DqpC6taX21FzsTLQVbMV/W7PzNSX6x/bhC1zA3c2UQ5NzH6how==

ms@2.1.2:
  version "2.1.2"
  resolved "https://registry.yarnpkg.com/ms/-/ms-2.1.2.tgz#d09d1f357b443f493382a8eb3ccd183872ae6009"
  integrity sha512-sGkPx+VjMtmA6MX27oA4FBFELFCZZ4S4XqeGOXCv68tT+jb3vk/RyaKWP0PTKyWtmLSM0b+adUTEvbs1PEaH2w==

ms@^2.1.3:
  version "2.1.3"
  resolved "https://registry.yarnpkg.com/ms/-/ms-2.1.3.tgz#574c8138ce1d2b5861f0b44579dbadd60c6615b2"
  integrity sha512-6FlzubTLZG3J2a/NVCAleEhjzq5oxgHyaCU9yYXvcLsvoVaHJq/s5xXI6/XXP6tz7R9xAOtHnSO/tXtF3WRTlA==

nanoid@^3.3.8:
  version "3.3.8"
  resolved "https://registry.yarnpkg.com/nanoid/-/nanoid-3.3.8.tgz#b1be3030bee36aaff18bacb375e5cce521684baf"
  integrity sha512-WNLf5Sd8oZxOm+TzppcYk8gVOgP+l58xNy58D0nbUnOxOWRWvlcCV4kUF7ltmI6PsrLl/BgKEyS4mqsGChFN0w==

natural-compare@^1.4.0:
  version "1.4.0"
  resolved "https://registry.yarnpkg.com/natural-compare/-/natural-compare-1.4.0.tgz#4abebfeed7541f2c27acfb29bdbbd15c8d5ba4f7"
  integrity sha512-OWND8ei3VtNC9h7V60qff3SVobHr996CTwgxubgyQYEpg290h9J0buyECNNJexkFm5sOajh5G116RYA1c8ZMSw==

nth-check@^2.0.1:
  version "2.1.1"
  resolved "https://registry.yarnpkg.com/nth-check/-/nth-check-2.1.1.tgz#c9eab428effce36cd6b92c924bdb000ef1f1ed1d"
  integrity sha512-lqjrjmaOoAnWfMmBPL+XNnynZh2+swxiX3WUE0s4yEHI6m+AwrK2UZOimIRl3X/4QctVqS8AiZjFqyOGrMXb/w==
  dependencies:
    boolbase "^1.0.0"

optionator@^0.9.3:
  version "0.9.4"
  resolved "https://registry.yarnpkg.com/optionator/-/optionator-0.9.4.tgz#7ea1c1a5d91d764fb282139c88fe11e182a3a734"
  integrity sha512-6IpQ7mKUxRcZNLIObR0hz7lxsapSSIYNZJwXPGeF0mTVqGKFIXj1DQcMoT22S3ROcLyY/rz0PWaWZ9ayWmad9g==
  dependencies:
    deep-is "^0.1.3"
    fast-levenshtein "^2.0.6"
    levn "^0.4.1"
    prelude-ls "^1.2.1"
    type-check "^0.4.0"
    word-wrap "^1.2.5"

p-limit@^3.0.2:
  version "3.1.0"
  resolved "https://registry.yarnpkg.com/p-limit/-/p-limit-3.1.0.tgz#e1daccbe78d0d1388ca18c64fea38e3e57e3706b"
  integrity sha512-TYOanM3wGwNGsZN2cVTYPArw454xnXj5qmWF1bEoAc4+cU/ol7GVh7odevjp1FNHduHc3KZMcFduxU5Xc6uJRQ==
  dependencies:
    yocto-queue "^0.1.0"

p-locate@^5.0.0:
  version "5.0.0"
  resolved "https://registry.yarnpkg.com/p-locate/-/p-locate-5.0.0.tgz#83c8315c6785005e3bd021839411c9e110e6d834"
  integrity sha512-LaNjtRWUBY++zB5nE/NwcaoMylSPk+S+ZHNB1TzdbMJMny6dynpAGt7X/tl/QYq3TIeE6nxHppbo2LGymrG5Pw==
  dependencies:
    p-limit "^3.0.2"

parent-module@^1.0.0:
  version "1.0.1"
  resolved "https://registry.yarnpkg.com/parent-module/-/parent-module-1.0.1.tgz#691d2709e78c79fae3a156622452d00762caaaa2"
  integrity sha512-GQ2EWRpQV8/o+Aw8YqtfZZPfNRWZYkbidE9k5rpl/hC3vtHHBfGm2Ifi6qWV+coDGkrUKZAxE3Lot5kcsRlh+g==
  dependencies:
    callsites "^3.0.0"

path-exists@^4.0.0:
  version "4.0.0"
  resolved "https://registry.yarnpkg.com/path-exists/-/path-exists-4.0.0.tgz#513bdbe2d3b95d7762e8c1137efa195c6c61b5b3"
  integrity sha512-ak9Qy5Q7jYb2Wwcey5Fpvg2KoAc/ZIhLSLOSBmRmygPsGwkVVt0fZa0qrtMz+m6tJTAHfZQ8FnmB4MG4LWy7/w==

path-key@^3.1.0:
  version "3.1.1"
  resolved "https://registry.yarnpkg.com/path-key/-/path-key-3.1.1.tgz#581f6ade658cbba65a0d3380de7753295054f375"
  integrity sha512-ojmeN0qd+y0jszEtoY48r0Peq5dwMEkIlCOu6Q5f41lfkswXuKtYrhgoTpLnyIcHm24Uhqx+5Tqm2InSwLhE6Q==

picocolors@^1.1.1:
  version "1.1.1"
  resolved "https://registry.yarnpkg.com/picocolors/-/picocolors-1.1.1.tgz#3d321af3eab939b083c8f929a1d12cda81c26b6b"
  integrity sha512-xceH2snhtb5M9liqDsmEw56le376mTZkEX/jEb/RxNFyegNul7eNslCXP9FDj/Lcu0X8KEyMceP2ntpaHrDEVA==

postcss@^8.5.1:
  version "8.5.1"
  resolved "https://registry.yarnpkg.com/postcss/-/postcss-8.5.1.tgz#e2272a1f8a807fafa413218245630b5db10a3214"
  integrity sha512-6oz2beyjc5VMn/KV1pPw8fliQkhBXrVn1Z3TVyqZxU8kZpzEKhBdmCFqI6ZbmGtamQvQGuU1sgPTk8ZrXDD7jQ==
  dependencies:
    nanoid "^3.3.8"
    picocolors "^1.1.1"
    source-map-js "^1.2.1"

preact@~10.12.1:
  version "10.12.1"
  resolved "https://registry.yarnpkg.com/preact/-/preact-10.12.1.tgz#8f9cb5442f560e532729b7d23d42fd1161354a21"
  integrity sha512-l8386ixSsBdbreOAkqtrwqHwdvR35ID8c3rKPa8lCWuO86dBi32QWHV4vfsZK1utLLFMvw+Z5Ad4XLkZzchscg==

prelude-ls@^1.2.1:
  version "1.2.1"
  resolved "https://registry.yarnpkg.com/prelude-ls/-/prelude-ls-1.2.1.tgz#debc6489d7a6e6b0e7611888cec880337d316396"
  integrity sha512-vkcDPrRZo1QZLbn5RLGPpg/WmIQ65qoWWhcGKf/b5eplkkarX0m9z8ppCat4mlOqUsWpyNuYgO3VRyrYHSzX5g==

punycode@^2.1.0:
  version "2.3.1"
  resolved "https://registry.yarnpkg.com/punycode/-/punycode-2.3.1.tgz#027422e2faec0b25e1549c3e1bd8309b9133b6e5"
  integrity sha512-vYt7UD1U9Wg6138shLtLOvdAu+8DsC/ilFtEVHcH+wydcSpNE20AfSOduf6MkRFahL5FY7X1oU7nKVZFtfq8Fg==

readmore-js@^2.2.1:
  version "2.2.1"
  resolved "https://registry.yarnpkg.com/readmore-js/-/readmore-js-2.2.1.tgz#ab75036c8a47b6ffa2d3d14cd527c7f479edc117"
  integrity sha512-hbPP0nQpYYkAywCEZ8ozHivvhWyHic37KJ2IXrHES4qzjp0+nmw8R33MeyMAtXBZfXX4Es8cpd5JBVf9qj47+Q==
  dependencies:
    jquery ">2.1.4"

resolve-from@^4.0.0:
  version "4.0.0"
  resolved "https://registry.yarnpkg.com/resolve-from/-/resolve-from-4.0.0.tgz#4abcd852ad32dd7baabfe9b40e00a36db5f392e6"
  integrity sha512-pb/MYmXstAkysRFx8piNI1tGFNQIFA3vkE3Gq4EuA1dF6gHp/+vgZqsCGJapvy8N3Q+4o7FwvquPJcnZ7RYy4g==

shebang-command@^2.0.0:
  version "2.0.0"
  resolved "https://registry.yarnpkg.com/shebang-command/-/shebang-command-2.0.0.tgz#ccd0af4f8835fbdc265b82461aaf0c36663f34ea"
  integrity sha512-kHxr2zZpYtdmrN1qDjrrX/Z1rR1kG8Dx+gkpK1G4eXmvXswmcE1hTWBWYUzlraYw1/yZp6YuDY77YtvbN0dmDA==
  dependencies:
    shebang-regex "^3.0.0"

shebang-regex@^3.0.0:
  version "3.0.0"
  resolved "https://registry.yarnpkg.com/shebang-regex/-/shebang-regex-3.0.0.tgz#ae16f1644d873ecad843b0307b143362d4c42172"
  integrity sha512-7++dFhtcx3353uBaq8DDR4NuxBetBzC7ZQOhmTQInHEd6bSrXdiEyzCvG07Z44UYdLShWUyXt5M/yhz8ekcb1A==

source-map-js@^1.2.1:
  version "1.2.1"
  resolved "https://registry.yarnpkg.com/source-map-js/-/source-map-js-1.2.1.tgz#1ce5650fddd87abc099eda37dcff024c2667ae46"
  integrity sha512-UXWMKhLOwVKb728IUtQPXxfYU+usdybtUrK/8uGE8CQMvrhOpwvzDBwj0QhSL7MQc7vIsISBG8VQ8+IDQxpfQA==

spark-md5@^3.0.1:
  version "3.0.2"
  resolved "https://registry.yarnpkg.com/spark-md5/-/spark-md5-3.0.2.tgz#7952c4a30784347abcee73268e473b9c0167e3fc"
  integrity sha512-wcFzz9cDfbuqe0FZzfi2or1sgyIrsDwmPwfZC4hiNidPdPINjeUwNfv5kldczoEAcjl9Y1L3SM7Uz2PUEQzxQw==

strip-json-comments@^3.1.1:
  version "3.1.1"
  resolved "https://registry.yarnpkg.com/strip-json-comments/-/strip-json-comments-3.1.1.tgz#31f1281b3832630434831c310c01cccda8cbe006"
  integrity sha512-6fPc+R4ihwqP6N/aIv2f1gMH8lOVtWQHoqC4yK6oSDVVocumAsfCqjkXnqiYMhmMwS/mEHLp7Vehlt3ql6lEig==

supports-color@^7.1.0:
  version "7.2.0"
  resolved "https://registry.yarnpkg.com/supports-color/-/supports-color-7.2.0.tgz#1b7dcdcb32b8138801b3e478ba6a51caa89648da"
  integrity sha512-qpCAvRl9stuOHveKsn7HncJRvv501qIacKzQlO/+Lwxc9+0q2wLyv4Dfvt80/DPn2pqOBsJdDiogXGR9+OvwRw==
  dependencies:
    has-flag "^4.0.0"

tom-select@^2.4.1:
  version "2.4.1"
  resolved "https://registry.yarnpkg.com/tom-select/-/tom-select-2.4.1.tgz#6a0b6df8af3df7b09b22dd965eb75ce4d1c547bc"
  integrity sha512-adI8H8+wk8RRzHYLQ3bXSk2Q+FAq/kzAATrcWlJ2fbIrEzb0VkwaXzKHTAlBwSJrhqbPJvhV/0eypFkED/nAug==
  dependencies:
    "@orchidjs/sifter" "^1.1.0"
    "@orchidjs/unicode-variants" "^1.1.2"

trix@^2.1.15:
  version "2.1.15"
  resolved "https://registry.yarnpkg.com/trix/-/trix-2.1.15.tgz#fabad796ea779a8ae96522402fbc214cbfc4015f"
  integrity sha512-LoaXWczdTUV8+3Box92B9b1iaDVbxD14dYemZRxi3PwY+AuDm97BUJV2aHLBUFPuDABhxp0wzcbf0CxHCVmXiw==
  dependencies:
    dompurify "^3.2.5"

type-check@^0.4.0, type-check@~0.4.0:
  version "0.4.0"
  resolved "https://registry.yarnpkg.com/type-check/-/type-check-0.4.0.tgz#07b8203bfa7056c0657050e3ccd2c37730bab8f1"
  integrity sha512-XleUoc9uwGXqjWwXaUTZAmzMcFZ5858QA2vvx1Ur5xIcixXIP+8LnFDgRplU30us6teqdlskFfu+ae4K79Ooew==
  dependencies:
    prelude-ls "^1.2.1"

uri-js@^4.2.2:
  version "4.4.1"
  resolved "https://registry.yarnpkg.com/uri-js/-/uri-js-4.4.1.tgz#9b1a52595225859e55f669d928f88c6c57f2a77e"
  integrity sha512-7rKUyy33Q1yc98pQ1DAmLtwX109F7TIfWlW1Ydo8Wl1ii1SeHieeh0HHfPeL2fMXK6z0s8ecKs9frCuLJvndBg==
  dependencies:
    punycode "^2.1.0"

which@^2.0.1:
  version "2.0.2"
  resolved "https://registry.yarnpkg.com/which/-/which-2.0.2.tgz#7c6a8dd0a636a0327e10b59c9286eee93f3f51b1"
  integrity sha512-BLI3Tl1TW3Pvl70l3yq3Y64i+awpwXqsGBYWkkqMtnbXgrMD+yj7rhW0kuEDxzJaYXGjEW5ogapKNMEKNMjibA==
  dependencies:
    isexe "^2.0.0"

word-wrap@^1.2.5:
  version "1.2.5"
  resolved "https://registry.yarnpkg.com/word-wrap/-/word-wrap-1.2.5.tgz#d2c45c6dd4fbce621a66f136cbe328afd0410b34"
  integrity sha512-BN22B5eaMMI9UMtjrGd5g5eCYPpCPDUy0FJXbYsaT5zYxjFOckS53SQDE3pWkVoWpHXVb3BrYcEN4Twa55B5cA==

yocto-queue@^0.1.0:
  version "0.1.0"
  resolved "https://registry.yarnpkg.com/yocto-queue/-/yocto-queue-0.1.0.tgz#0294eb3dee05028d31ee1a5fa2c556a6aaf10a1b"
  integrity sha512-rVksvsnNCdJ/ohGc6xgPwyN8eheCxsiLM8mxuE/t/mOVqJewPuO1miLpTHQiRgTKCLexL4MeAFVagts7HmNZ2Q==
